
Microsoft Visual Studio Solution File, Format Version 12.00
# Visual Studio Version 17
VisualStudioVersion = 17.0.32112.339
MinimumVisualStudioVersion = 10.0.40219.1
Project("{FAE04EC0-301F-11D3-BF4B-00C04F79EFBC}") = "Stefanini-teste", "Stefanini-teste\Stefanini-teste.csproj", "{57E5E778-D052-4B97-A00C-BB98EC5EE61E}"
EndProject
Global
	GlobalSection(SolutionConfigurationPlatforms) = preSolution
		Debug|Any CPU = Debug|Any CPU
		Release|Any CPU = Release|Any CPU
	EndGlobalSection
	GlobalSection(ProjectConfigurationPlatforms) = postSolution
		{57E5E778-D052-4B97-A00C-BB98EC5EE61E}.Debug|Any CPU.ActiveCfg = Debug|Any CPU
		{57E5E778-D052-4B97-A00C-BB98EC5EE61E}.Debug|Any CPU.Build.0 = Debug|Any CPU
		{57E5E778-D052-4B97-A00C-BB98EC5EE61E}.Release|Any CPU.ActiveCfg = Release|Any CPU
		{57E5E778-D052-4B97-A00C-BB98EC5EE61E}.Release|Any CPU.Build.0 = Release|Any CPU
	EndGlobalSection
	GlobalSection(SolutionProperties) = preSolution
		HideSolutionNode = FALSE
	EndGlobalSection
	GlobalSection(ExtensibilityGlobals) = postSolution
		SolutionGuid = {2BC63659-2E9E-4F91-A370-E0B5555C97B2}
	EndGlobalSection
EndGlobal
