
Microsoft Visual Studio Solution File, Format Version 12.00
# Visual Studio Version 17
VisualStudioVersion = 17.0.32112.339
MinimumVisualStudioVersion = 10.0.40219.1
Project("{9A19103F-16F7-4668-BE54-9A1E7A4F7556}") = "Stefanini.API", "Stefanini-teste\Stefanini.API.csproj", "{57E5E778-D052-4B97-A00C-BB98EC5EE61E}"
	ProjectSection(ProjectDependencies) = postProject
		{C1726F5B-73F7-460A-9E89-E4B15F44BEBC} = {C1726F5B-73F7-460A-9E89-E4B15F44BEBC}
		{9EC3456C-3190-4227-9F50-ACE7DE32D2BE} = {9EC3456C-3190-4227-9F50-ACE7DE32D2BE}
		{A8B590C7-10E5-4692-B32C-E29EDF94B416} = {A8B590C7-10E5-4692-B32C-E29EDF94B416}
	EndProjectSection
EndProject
Project("{9A19103F-16F7-4668-BE54-9A1E7A4F7556}") = "Stefanini.Business", "Stefanini-teste.Business\Stefanini.Business.csproj", "{A8B590C7-10E5-4692-B32C-E29EDF94B416}"
EndProject
Project("{9A19103F-16F7-4668-BE54-9A1E7A4F7556}") = "Stefanini.DAO", "Stefanini-teste.DAO\Stefanini.DAO.csproj", "{9EC3456C-3190-4227-9F50-ACE7DE32D2BE}"
EndProject
Project("{9A19103F-16F7-4668-BE54-9A1E7A4F7556}") = "Stefanini.Model", "Stefanini-teste.Model\Stefanini.Model.csproj", "{C1726F5B-73F7-460A-9E89-E4B15F44BEBC}"
EndProject
Project("{FAE04EC0-301F-11D3-BF4B-00C04F79EFBC}") = "Stefanini.WEB", "Stefanini.WEB\Stefanini.WEB.csproj", "{6101AFE1-E1E9-4667-9C5A-52C4942C50C3}"
EndProject
Global
	GlobalSection(SolutionConfigurationPlatforms) = preSolution
		Debug|Any CPU = Debug|Any CPU
		Release|Any CPU = Release|Any CPU
	EndGlobalSection
	GlobalSection(ProjectConfigurationPlatforms) = postSolution
		{57E5E778-D052-4B97-A00C-BB98EC5EE61E}.Debug|Any CPU.ActiveCfg = Debug|Any CPU
		{57E5E778-D052-4B97-A00C-BB98EC5EE61E}.Debug|Any CPU.Build.0 = Debug|Any CPU
		{57E5E778-D052-4B97-A00C-BB98EC5EE61E}.Release|Any CPU.ActiveCfg = Release|Any CPU
		{57E5E778-D052-4B97-A00C-BB98EC5EE61E}.Release|Any CPU.Build.0 = Release|Any CPU
		{A8B590C7-10E5-4692-B32C-E29EDF94B416}.Debug|Any CPU.ActiveCfg = Debug|Any CPU
		{A8B590C7-10E5-4692-B32C-E29EDF94B416}.Debug|Any CPU.Build.0 = Debug|Any CPU
		{A8B590C7-10E5-4692-B32C-E29EDF94B416}.Release|Any CPU.ActiveCfg = Release|Any CPU
		{A8B590C7-10E5-4692-B32C-E29EDF94B416}.Release|Any CPU.Build.0 = Release|Any CPU
		{9EC3456C-3190-4227-9F50-ACE7DE32D2BE}.Debug|Any CPU.ActiveCfg = Debug|Any CPU
		{9EC3456C-3190-4227-9F50-ACE7DE32D2BE}.Debug|Any CPU.Build.0 = Debug|Any CPU
		{9EC3456C-3190-4227-9F50-ACE7DE32D2BE}.Release|Any CPU.ActiveCfg = Release|Any CPU
		{9EC3456C-3190-4227-9F50-ACE7DE32D2BE}.Release|Any CPU.Build.0 = Release|Any CPU
		{C1726F5B-73F7-460A-9E89-E4B15F44BEBC}.Debug|Any CPU.ActiveCfg = Debug|Any CPU
		{C1726F5B-73F7-460A-9E89-E4B15F44BEBC}.Debug|Any CPU.Build.0 = Debug|Any CPU
		{C1726F5B-73F7-460A-9E89-E4B15F44BEBC}.Release|Any CPU.ActiveCfg = Release|Any CPU
		{C1726F5B-73F7-460A-9E89-E4B15F44BEBC}.Release|Any CPU.Build.0 = Release|Any CPU
		{6101AFE1-E1E9-4667-9C5A-52C4942C50C3}.Debug|Any CPU.ActiveCfg = Debug|Any CPU
		{6101AFE1-E1E9-4667-9C5A-52C4942C50C3}.Debug|Any CPU.Build.0 = Debug|Any CPU
		{6101AFE1-E1E9-4667-9C5A-52C4942C50C3}.Release|Any CPU.ActiveCfg = Release|Any CPU
		{6101AFE1-E1E9-4667-9C5A-52C4942C50C3}.Release|Any CPU.Build.0 = Release|Any CPU
	EndGlobalSection
	GlobalSection(SolutionProperties) = preSolution
		HideSolutionNode = FALSE
	EndGlobalSection
	GlobalSection(ExtensibilityGlobals) = postSolution
		SolutionGuid = {2BC63659-2E9E-4F91-A370-E0B5555C97B2}
	EndGlobalSection
EndGlobal
